
Microsoft Visual Studio Solution File, Format Version 12.00
# Visual Studio Version 17
VisualStudioVersion = 17.2.32616.157
MinimumVisualStudioVersion = 10.0.40219.1
Project("{9A19103F-16F7-4668-BE54-9A1E7A4F7556}") = "web.app", "web.app.csproj", "{B0C08621-3773-4E29-9148-AF8C07137349}"
EndProject
Project("{9A19103F-16F7-4668-BE54-9A1E7A4F7556}") = "web.test", "..\web.test\web.test.csproj", "{64AF4340-E5C4-40FA-9960-04BA1C04D1F1}"
EndProject
Global
	GlobalSection(SolutionConfigurationPlatforms) = preSolution
		Debug|Any CPU = Debug|Any CPU
		Release|Any CPU = Release|Any CPU
	EndGlobalSection
	GlobalSection(ProjectConfigurationPlatforms) = postSolution
		{B0C08621-3773-4E29-9148-AF8C07137349}.Debug|Any CPU.ActiveCfg = Debug|Any CPU
		{B0C08621-3773-4E29-9148-AF8C07137349}.Debug|Any CPU.Build.0 = Debug|Any CPU
		{B0C08621-3773-4E29-9148-AF8C07137349}.Release|Any CPU.ActiveCfg = Release|Any CPU
		{B0C08621-3773-4E29-9148-AF8C07137349}.Release|Any CPU.Build.0 = Release|Any CPU
		{64AF4340-E5C4-40FA-9960-04BA1C04D1F1}.Debug|Any CPU.ActiveCfg = Debug|Any CPU
		{64AF4340-E5C4-40FA-9960-04BA1C04D1F1}.Debug|Any CPU.Build.0 = Debug|Any CPU
		{64AF4340-E5C4-40FA-9960-04BA1C04D1F1}.Release|Any CPU.ActiveCfg = Release|Any CPU
		{64AF4340-E5C4-40FA-9960-04BA1C04D1F1}.Release|Any CPU.Build.0 = Release|Any CPU
	EndGlobalSection
	GlobalSection(SolutionProperties) = preSolution
		HideSolutionNode = FALSE
	EndGlobalSection
	GlobalSection(ExtensibilityGlobals) = postSolution
		SolutionGuid = {B656DB15-E510-45FA-9E9A-62F6D5406436}
	EndGlobalSection
EndGlobal
